
Microsoft Visual Studio Solution File, Format Version 12.00
# Visual Studio Version 17
VisualStudioVersion = 17.0.31919.166
MinimumVisualStudioVersion = 10.0.40219.1
Project("{9A19103F-16F7-4668-BE54-9A1E7A4F7556}") = "DemoGotrust", "DemoGotrust.csproj", "{34D4A5C2-3830-47F4-8EDA-F24BD7593BCA}"
EndProject
Project("{FAE04EC0-301F-11D3-BF4B-00C04F79EFBC}") = "DAL", "..\DAL\DAL.csproj", "{813F3D8A-5C16-4FF9-AB0A-78BC64BA9641}"
EndProject
Project("{FAE04EC0-301F-11D3-BF4B-00C04F79EFBC}") = "BAL", "..\BAL\BAL.csproj", "{F396013F-D484-4696-92BB-7CD4073ECC14}"
EndProject
Global
	GlobalSection(SolutionConfigurationPlatforms) = preSolution
		Debug|Any CPU = Debug|Any CPU
		Release|Any CPU = Release|Any CPU
	EndGlobalSection
	GlobalSection(ProjectConfigurationPlatforms) = postSolution
		{34D4A5C2-3830-47F4-8EDA-F24BD7593BCA}.Debug|Any CPU.ActiveCfg = Debug|Any CPU
		{34D4A5C2-3830-47F4-8EDA-F24BD7593BCA}.Debug|Any CPU.Build.0 = Debug|Any CPU
		{34D4A5C2-3830-47F4-8EDA-F24BD7593BCA}.Release|Any CPU.ActiveCfg = Release|Any CPU
		{34D4A5C2-3830-47F4-8EDA-F24BD7593BCA}.Release|Any CPU.Build.0 = Release|Any CPU
		{813F3D8A-5C16-4FF9-AB0A-78BC64BA9641}.Debug|Any CPU.ActiveCfg = Debug|Any CPU
		{813F3D8A-5C16-4FF9-AB0A-78BC64BA9641}.Debug|Any CPU.Build.0 = Debug|Any CPU
		{813F3D8A-5C16-4FF9-AB0A-78BC64BA9641}.Release|Any CPU.ActiveCfg = Release|Any CPU
		{813F3D8A-5C16-4FF9-AB0A-78BC64BA9641}.Release|Any CPU.Build.0 = Release|Any CPU
		{F396013F-D484-4696-92BB-7CD4073ECC14}.Debug|Any CPU.ActiveCfg = Debug|Any CPU
		{F396013F-D484-4696-92BB-7CD4073ECC14}.Debug|Any CPU.Build.0 = Debug|Any CPU
		{F396013F-D484-4696-92BB-7CD4073ECC14}.Release|Any CPU.ActiveCfg = Release|Any CPU
		{F396013F-D484-4696-92BB-7CD4073ECC14}.Release|Any CPU.Build.0 = Release|Any CPU
	EndGlobalSection
	GlobalSection(SolutionProperties) = preSolution
		HideSolutionNode = FALSE
	EndGlobalSection
	GlobalSection(ExtensibilityGlobals) = postSolution
		SolutionGuid = {CC020613-20C6-4E35-A6B6-C7EEA419D6D6}
	EndGlobalSection
EndGlobal
